// !$*UTF8*$!
{
	archiveVersion = 1;
	classes = {
	};
	objectVersion = 56;
	objects = {

/* Begin PBXBuildFile section */
		6F1D00A12B8ACA9000D6F88F /* reTextField.swift in Sources */ = {isa = PBXBuildFile; fileRef = 6F1D00A02B8ACA9000D6F88F /* reTextField.swift */; };
		6F1D00A32B8ACC9400D6F88F /* reTextFieldStyle.swift in Sources */ = {isa = PBXBuildFile; fileRef = 6F1D00A22B8ACC9400D6F88F /* reTextFieldStyle.swift */; };
		6F1D00A52B8ACE3200D6F88F /* BoxEditorView.swift in Sources */ = {isa = PBXBuildFile; fileRef = 6F1D00A42B8ACE3200D6F88F /* BoxEditorView.swift */; };
		6F1D00A72B8AD22600D6F88F /* reTextEditor.swift in Sources */ = {isa = PBXBuildFile; fileRef = 6F1D00A62B8AD22600D6F88F /* reTextEditor.swift */; };
		6F1D00A92B8AD6D600D6F88F /* reRadioButton.swift in Sources */ = {isa = PBXBuildFile; fileRef = 6F1D00A82B8AD6D600D6F88F /* reRadioButton.swift */; };
		6F1D00AC2B8AD92500D6F88F /* reRadionButtonGroup.swift in Sources */ = {isa = PBXBuildFile; fileRef = 6F1D00AB2B8AD92500D6F88F /* reRadionButtonGroup.swift */; };
		6F1D00AF2B8ADDE900D6F88F /* TermEditorView.swift in Sources */ = {isa = PBXBuildFile; fileRef = 6F1D00AE2B8ADDE900D6F88F /* TermEditorView.swift */; };
		6F1D00B12B8ADF6000D6F88F /* reButtonStyle.swift in Sources */ = {isa = PBXBuildFile; fileRef = 6F1D00B02B8ADF6000D6F88F /* reButtonStyle.swift */; };
		6F1D00B42B8AE1DB00D6F88F /* BoxView.swift in Sources */ = {isa = PBXBuildFile; fileRef = 6F1D00B32B8AE1DB00D6F88F /* BoxView.swift */; };
		6F1D00B72B8AE4B000D6F88F /* TodaysCardView.swift in Sources */ = {isa = PBXBuildFile; fileRef = 6F1D00B62B8AE4B000D6F88F /* TodaysCardView.swift */; };
		6F1D00B92B8AE57200D6F88F /* Box.swift in Sources */ = {isa = PBXBuildFile; fileRef = 6F1D00B82B8AE57100D6F88F /* Box.swift */; };
		6F1D00BB2B8AE61900D6F88F /* reColorButtonStyle.swift in Sources */ = {isa = PBXBuildFile; fileRef = 6F1D00BA2B8AE61900D6F88F /* reColorButtonStyle.swift */; };
		6F24BF572B8B8AF9000B2C7F /* SwipperView.swift in Sources */ = {isa = PBXBuildFile; fileRef = 6F24BF562B8B8AF9000B2C7F /* SwipperView.swift */; };
		6F24BF592B8B8B89000B2C7F /* SwipperLabel.swift in Sources */ = {isa = PBXBuildFile; fileRef = 6F24BF582B8B8B89000B2C7F /* SwipperLabel.swift */; };
		6F24BF5B2B8B8CB1000B2C7F /* Term.swift in Sources */ = {isa = PBXBuildFile; fileRef = 6F24BF5A2B8B8CB1000B2C7F /* Term.swift */; };
		6F24BF5D2B8B8CDC000B2C7F /* SwipeReview.swift in Sources */ = {isa = PBXBuildFile; fileRef = 6F24BF5C2B8B8CDC000B2C7F /* SwipeReview.swift */; };
		6F24BF5F2B8B8E4B000B2C7F /* SwipperCard.swift in Sources */ = {isa = PBXBuildFile; fileRef = 6F24BF5E2B8B8E4B000B2C7F /* SwipperCard.swift */; };
		6F24BF622B8BADA9000B2C7F /* reMind.xcdatamodeld in Sources */ = {isa = PBXBuildFile; fileRef = 6F24BF602B8BADA9000B2C7F /* reMind.xcdatamodeld */; };
		6F24BF652B8BB003000B2C7F /* CoreDataStack.swift in Sources */ = {isa = PBXBuildFile; fileRef = 6F24BF642B8BB003000B2C7F /* CoreDataStack.swift */; };
		6F24BF672B8BB232000B2C7F /* CoreDataModel.swift in Sources */ = {isa = PBXBuildFile; fileRef = 6F24BF662B8BB232000B2C7F /* CoreDataModel.swift */; };
		6F24BF692B8BB3DE000B2C7F /* ActiveRecord.swift in Sources */ = {isa = PBXBuildFile; fileRef = 6F24BF682B8BB3DE000B2C7F /* ActiveRecord.swift */; };
		6F2A74D92B8A5F6900796775 /* reBadge.swift in Sources */ = {isa = PBXBuildFile; fileRef = 6F2A74D82B8A5F6900796775 /* reBadge.swift */; };
		6F4817A82B7EA91400C500E0 /* reMindApp.swift in Sources */ = {isa = PBXBuildFile; fileRef = 6F4817A72B7EA91400C500E0 /* reMindApp.swift */; };
		6F4817AA2B7EA91400C500E0 /* BoxesView.swift in Sources */ = {isa = PBXBuildFile; fileRef = 6F4817A92B7EA91400C500E0 /* BoxesView.swift */; };
		6F4817AC2B7EA91600C500E0 /* Assets.xcassets in Resources */ = {isa = PBXBuildFile; fileRef = 6F4817AB2B7EA91600C500E0 /* Assets.xcassets */; };
		6F4817AF2B7EA91600C500E0 /* Preview Assets.xcassets in Resources */ = {isa = PBXBuildFile; fileRef = 6F4817AE2B7EA91600C500E0 /* Preview Assets.xcassets */; };
		6F4817B92B7EA91600C500E0 /* reMindTests.swift in Sources */ = {isa = PBXBuildFile; fileRef = 6F4817B82B7EA91600C500E0 /* reMindTests.swift */; };
		6F4817C32B7EA91600C500E0 /* reMindUITests.swift in Sources */ = {isa = PBXBuildFile; fileRef = 6F4817C22B7EA91600C500E0 /* reMindUITests.swift */; };
		6F4817C52B7EA91600C500E0 /* reMindUITestsLaunchTests.swift in Sources */ = {isa = PBXBuildFile; fileRef = 6F4817C42B7EA91600C500E0 /* reMindUITestsLaunchTests.swift */; };
		6F9CC3F22B8E08C50012976B /* BoxCreationView.swift in Sources */ = {isa = PBXBuildFile; fileRef = 6F9CC3F12B8E08C50012976B /* BoxCreationView.swift */; };
		6F9CC3F42B8E14EE0012976B /* README.md in Resources */ = {isa = PBXBuildFile; fileRef = 6F9CC3F32B8E14EE0012976B /* README.md */; };
		6FA228A02B899D23001280D5 /* Palette.swift in Sources */ = {isa = PBXBuildFile; fileRef = 6FA2289F2B899D23001280D5 /* Palette.swift */; };
		6FA228A22B89A159001280D5 /* reBackground.swift in Sources */ = {isa = PBXBuildFile; fileRef = 6FA228A12B89A159001280D5 /* reBackground.swift */; };
		6FA228A52B89A581001280D5 /* BoxCardView.swift in Sources */ = {isa = PBXBuildFile; fileRef = 6FA228A42B89A581001280D5 /* BoxCardView.swift */; };
		6FF1FB552B8BBB6500039464 /* BoxesViewModel.swift in Sources */ = {isa = PBXBuildFile; fileRef = 6FF1FB542B8BBB6500039464 /* BoxesViewModel.swift */; };
/* End PBXBuildFile section */

/* Begin PBXContainerItemProxy section */
		6F4817B52B7EA91600C500E0 /* PBXContainerItemProxy */ = {
			isa = PBXContainerItemProxy;
			containerPortal = 6F48179C2B7EA91400C500E0 /* Project object */;
			proxyType = 1;
			remoteGlobalIDString = 6F4817A32B7EA91400C500E0;
			remoteInfo = reMind;
		};
		6F4817BF2B7EA91600C500E0 /* PBXContainerItemProxy */ = {
			isa = PBXContainerItemProxy;
			containerPortal = 6F48179C2B7EA91400C500E0 /* Project object */;
			proxyType = 1;
			remoteGlobalIDString = 6F4817A32B7EA91400C500E0;
			remoteInfo = reMind;
		};
/* End PBXContainerItemProxy section */

/* Begin PBXFileReference section */
		6F1D00A02B8ACA9000D6F88F /* reTextField.swift */ = {isa = PBXFileReference; lastKnownFileType = sourcecode.swift; path = reTextField.swift; sourceTree = "<group>"; };
		6F1D00A22B8ACC9400D6F88F /* reTextFieldStyle.swift */ = {isa = PBXFileReference; lastKnownFileType = sourcecode.swift; path = reTextFieldStyle.swift; sourceTree = "<group>"; };
		6F1D00A42B8ACE3200D6F88F /* BoxEditorView.swift */ = {isa = PBXFileReference; lastKnownFileType = sourcecode.swift; path = BoxEditorView.swift; sourceTree = "<group>"; };
		6F1D00A62B8AD22600D6F88F /* reTextEditor.swift */ = {isa = PBXFileReference; lastKnownFileType = sourcecode.swift; path = reTextEditor.swift; sourceTree = "<group>"; };
		6F1D00A82B8AD6D600D6F88F /* reRadioButton.swift */ = {isa = PBXFileReference; lastKnownFileType = sourcecode.swift; path = reRadioButton.swift; sourceTree = "<group>"; };
		6F1D00AB2B8AD92500D6F88F /* reRadionButtonGroup.swift */ = {isa = PBXFileReference; lastKnownFileType = sourcecode.swift; path = reRadionButtonGroup.swift; sourceTree = "<group>"; };
		6F1D00AE2B8ADDE900D6F88F /* TermEditorView.swift */ = {isa = PBXFileReference; lastKnownFileType = sourcecode.swift; path = TermEditorView.swift; sourceTree = "<group>"; };
		6F1D00B02B8ADF6000D6F88F /* reButtonStyle.swift */ = {isa = PBXFileReference; lastKnownFileType = sourcecode.swift; path = reButtonStyle.swift; sourceTree = "<group>"; };
		6F1D00B32B8AE1DB00D6F88F /* BoxView.swift */ = {isa = PBXFileReference; lastKnownFileType = sourcecode.swift; path = BoxView.swift; sourceTree = "<group>"; };
		6F1D00B62B8AE4B000D6F88F /* TodaysCardView.swift */ = {isa = PBXFileReference; lastKnownFileType = sourcecode.swift; path = TodaysCardView.swift; sourceTree = "<group>"; };
		6F1D00B82B8AE57100D6F88F /* Box.swift */ = {isa = PBXFileReference; lastKnownFileType = sourcecode.swift; path = Box.swift; sourceTree = "<group>"; };
		6F1D00BA2B8AE61900D6F88F /* reColorButtonStyle.swift */ = {isa = PBXFileReference; lastKnownFileType = sourcecode.swift; path = reColorButtonStyle.swift; sourceTree = "<group>"; };
		6F24BF562B8B8AF9000B2C7F /* SwipperView.swift */ = {isa = PBXFileReference; lastKnownFileType = sourcecode.swift; path = SwipperView.swift; sourceTree = "<group>"; };
		6F24BF582B8B8B89000B2C7F /* SwipperLabel.swift */ = {isa = PBXFileReference; lastKnownFileType = sourcecode.swift; path = SwipperLabel.swift; sourceTree = "<group>"; };
		6F24BF5A2B8B8CB1000B2C7F /* Term.swift */ = {isa = PBXFileReference; lastKnownFileType = sourcecode.swift; path = Term.swift; sourceTree = "<group>"; };
		6F24BF5C2B8B8CDC000B2C7F /* SwipeReview.swift */ = {isa = PBXFileReference; lastKnownFileType = sourcecode.swift; path = SwipeReview.swift; sourceTree = "<group>"; };
		6F24BF5E2B8B8E4B000B2C7F /* SwipperCard.swift */ = {isa = PBXFileReference; lastKnownFileType = sourcecode.swift; path = SwipperCard.swift; sourceTree = "<group>"; };
		6F24BF612B8BADA9000B2C7F /* reMind.xcdatamodel */ = {isa = PBXFileReference; lastKnownFileType = wrapper.xcdatamodel; path = reMind.xcdatamodel; sourceTree = "<group>"; };
		6F24BF642B8BB003000B2C7F /* CoreDataStack.swift */ = {isa = PBXFileReference; lastKnownFileType = sourcecode.swift; path = CoreDataStack.swift; sourceTree = "<group>"; };
		6F24BF662B8BB232000B2C7F /* CoreDataModel.swift */ = {isa = PBXFileReference; lastKnownFileType = sourcecode.swift; path = CoreDataModel.swift; sourceTree = "<group>"; };
		6F24BF682B8BB3DE000B2C7F /* ActiveRecord.swift */ = {isa = PBXFileReference; lastKnownFileType = sourcecode.swift; path = ActiveRecord.swift; sourceTree = "<group>"; };
		6F2A74D82B8A5F6900796775 /* reBadge.swift */ = {isa = PBXFileReference; lastKnownFileType = sourcecode.swift; path = reBadge.swift; sourceTree = "<group>"; };
		6F4817A42B7EA91400C500E0 /* reMind.app */ = {isa = PBXFileReference; explicitFileType = wrapper.application; includeInIndex = 0; path = reMind.app; sourceTree = BUILT_PRODUCTS_DIR; };
		6F4817A72B7EA91400C500E0 /* reMindApp.swift */ = {isa = PBXFileReference; lastKnownFileType = sourcecode.swift; path = reMindApp.swift; sourceTree = "<group>"; };
		6F4817A92B7EA91400C500E0 /* BoxesView.swift */ = {isa = PBXFileReference; lastKnownFileType = sourcecode.swift; path = BoxesView.swift; sourceTree = "<group>"; };
		6F4817AB2B7EA91600C500E0 /* Assets.xcassets */ = {isa = PBXFileReference; lastKnownFileType = folder.assetcatalog; path = Assets.xcassets; sourceTree = "<group>"; };
		6F4817AE2B7EA91600C500E0 /* Preview Assets.xcassets */ = {isa = PBXFileReference; lastKnownFileType = folder.assetcatalog; path = "Preview Assets.xcassets"; sourceTree = "<group>"; };
		6F4817B42B7EA91600C500E0 /* reMindTests.xctest */ = {isa = PBXFileReference; explicitFileType = wrapper.cfbundle; includeInIndex = 0; path = reMindTests.xctest; sourceTree = BUILT_PRODUCTS_DIR; };
		6F4817B82B7EA91600C500E0 /* reMindTests.swift */ = {isa = PBXFileReference; lastKnownFileType = sourcecode.swift; path = reMindTests.swift; sourceTree = "<group>"; };
		6F4817BE2B7EA91600C500E0 /* reMindUITests.xctest */ = {isa = PBXFileReference; explicitFileType = wrapper.cfbundle; includeInIndex = 0; path = reMindUITests.xctest; sourceTree = BUILT_PRODUCTS_DIR; };
		6F4817C22B7EA91600C500E0 /* reMindUITests.swift */ = {isa = PBXFileReference; lastKnownFileType = sourcecode.swift; path = reMindUITests.swift; sourceTree = "<group>"; };
		6F4817C42B7EA91600C500E0 /* reMindUITestsLaunchTests.swift */ = {isa = PBXFileReference; lastKnownFileType = sourcecode.swift; path = reMindUITestsLaunchTests.swift; sourceTree = "<group>"; };
		6F9CC3F12B8E08C50012976B /* BoxCreationView.swift */ = {isa = PBXFileReference; lastKnownFileType = sourcecode.swift; path = BoxCreationView.swift; sourceTree = "<group>"; };
		6F9CC3F32B8E14EE0012976B /* README.md */ = {isa = PBXFileReference; fileEncoding = 4; lastKnownFileType = net.daringfireball.markdown; path = README.md; sourceTree = "<group>"; };
		6FA2289F2B899D23001280D5 /* Palette.swift */ = {isa = PBXFileReference; lastKnownFileType = sourcecode.swift; path = Palette.swift; sourceTree = "<group>"; };
		6FA228A12B89A159001280D5 /* reBackground.swift */ = {isa = PBXFileReference; lastKnownFileType = sourcecode.swift; path = reBackground.swift; sourceTree = "<group>"; };
		6FA228A42B89A581001280D5 /* BoxCardView.swift */ = {isa = PBXFileReference; lastKnownFileType = sourcecode.swift; path = BoxCardView.swift; sourceTree = "<group>"; };
		6FF1FB542B8BBB6500039464 /* BoxesViewModel.swift */ = {isa = PBXFileReference; lastKnownFileType = sourcecode.swift; path = BoxesViewModel.swift; sourceTree = "<group>"; };
/* End PBXFileReference section */

/* Begin PBXFrameworksBuildPhase section */
		6F4817A12B7EA91400C500E0 /* Frameworks */ = {
			isa = PBXFrameworksBuildPhase;
			buildActionMask = 2147483647;
			files = (
			);
			runOnlyForDeploymentPostprocessing = 0;
		};
		6F4817B12B7EA91600C500E0 /* Frameworks */ = {
			isa = PBXFrameworksBuildPhase;
			buildActionMask = 2147483647;
			files = (
			);
			runOnlyForDeploymentPostprocessing = 0;
		};
		6F4817BB2B7EA91600C500E0 /* Frameworks */ = {
			isa = PBXFrameworksBuildPhase;
			buildActionMask = 2147483647;
			files = (
			);
			runOnlyForDeploymentPostprocessing = 0;
		};
/* End PBXFrameworksBuildPhase section */

/* Begin PBXGroup section */
		6F1D009F2B8ACA5800D6F88F /* BoxEditor */ = {
			isa = PBXGroup;
			children = (
				6F1D00AA2B8AD8FD00D6F88F /* Components */,
				6F1D00A42B8ACE3200D6F88F /* BoxEditorView.swift */,
				6F9CC3F12B8E08C50012976B /* BoxCreationView.swift */,
			);
			path = BoxEditor;
			sourceTree = "<group>";
		};
		6F1D00AA2B8AD8FD00D6F88F /* Components */ = {
			isa = PBXGroup;
			children = (
				6F1D00AB2B8AD92500D6F88F /* reRadionButtonGroup.swift */,
			);
			path = Components;
			sourceTree = "<group>";
		};
		6F1D00AD2B8ADDD800D6F88F /* TermEditor */ = {
			isa = PBXGroup;
			children = (
				6F1D00AE2B8ADDE900D6F88F /* TermEditorView.swift */,
			);
			path = TermEditor;
			sourceTree = "<group>";
		};
		6F1D00B22B8AE1CD00D6F88F /* Box */ = {
			isa = PBXGroup;
			children = (
				6F1D00B32B8AE1DB00D6F88F /* BoxView.swift */,
				6F1D00B52B8AE4A500D6F88F /* Components */,
			);
			path = Box;
			sourceTree = "<group>";
		};
		6F1D00B52B8AE4A500D6F88F /* Components */ = {
			isa = PBXGroup;
			children = (
				6F1D00B62B8AE4B000D6F88F /* TodaysCardView.swift */,
			);
			path = Components;
			sourceTree = "<group>";
		};
		6F24BF542B8B8ADE000B2C7F /* Swipper */ = {
			isa = PBXGroup;
			children = (
				6F24BF552B8B8AEA000B2C7F /* Componets */,
				6F24BF562B8B8AF9000B2C7F /* SwipperView.swift */,
			);
			path = Swipper;
			sourceTree = "<group>";
		};
		6F24BF552B8B8AEA000B2C7F /* Componets */ = {
			isa = PBXGroup;
			children = (
				6F24BF582B8B8B89000B2C7F /* SwipperLabel.swift */,
				6F24BF5E2B8B8E4B000B2C7F /* SwipperCard.swift */,
			);
			path = Componets;
			sourceTree = "<group>";
		};
		6F24BF632B8BAFE9000B2C7F /* CoreData */ = {
			isa = PBXGroup;
			children = (
				6F24BF602B8BADA9000B2C7F /* reMind.xcdatamodeld */,
				6F24BF642B8BB003000B2C7F /* CoreDataStack.swift */,
				6F24BF662B8BB232000B2C7F /* CoreDataModel.swift */,
			);
			path = CoreData;
			sourceTree = "<group>";
		};
		6F48179B2B7EA91400C500E0 = {
			isa = PBXGroup;
			children = (
				6F9CC3F32B8E14EE0012976B /* README.md */,
				6F4817A62B7EA91400C500E0 /* reMind */,
				6F4817B72B7EA91600C500E0 /* reMindTests */,
				6F4817C12B7EA91600C500E0 /* reMindUITests */,
				6F4817A52B7EA91400C500E0 /* Products */,
			);
			sourceTree = "<group>";
		};
		6F4817A52B7EA91400C500E0 /* Products */ = {
			isa = PBXGroup;
			children = (
				6F4817A42B7EA91400C500E0 /* reMind.app */,
				6F4817B42B7EA91600C500E0 /* reMindTests.xctest */,
				6F4817BE2B7EA91600C500E0 /* reMindUITests.xctest */,
			);
			name = Products;
			sourceTree = "<group>";
		};
		6F4817A62B7EA91400C500E0 /* reMind */ = {
			isa = PBXGroup;
			children = (
				6F4817D12B7EAAA600C500E0 /* App */,
				6F4817DA2B7EAB0700C500E0 /* Features */,
				6F4817D92B7EAB0300C500E0 /* Models */,
				6F4817AD2B7EA91600C500E0 /* Preview Content */,
				6F4817DC2B7EAB1B00C500E0 /* Resources */,
				6F4817DB2B7EAB1500C500E0 /* Services */,
				6F4817D22B7EAAAF00C500E0 /* Utils */,
			);
			path = reMind;
			sourceTree = "<group>";
		};
		6F4817AD2B7EA91600C500E0 /* Preview Content */ = {
			isa = PBXGroup;
			children = (
				6F4817AE2B7EA91600C500E0 /* Preview Assets.xcassets */,
			);
			path = "Preview Content";
			sourceTree = "<group>";
		};
		6F4817B72B7EA91600C500E0 /* reMindTests */ = {
			isa = PBXGroup;
			children = (
				6F4817B82B7EA91600C500E0 /* reMindTests.swift */,
			);
			path = reMindTests;
			sourceTree = "<group>";
		};
		6F4817C12B7EA91600C500E0 /* reMindUITests */ = {
			isa = PBXGroup;
			children = (
				6F4817C22B7EA91600C500E0 /* reMindUITests.swift */,
				6F4817C42B7EA91600C500E0 /* reMindUITestsLaunchTests.swift */,
			);
			path = reMindUITests;
			sourceTree = "<group>";
		};
		6F4817D12B7EAAA600C500E0 /* App */ = {
			isa = PBXGroup;
			children = (
				6F4817A72B7EA91400C500E0 /* reMindApp.swift */,
			);
			path = App;
			sourceTree = "<group>";
		};
		6F4817D22B7EAAAF00C500E0 /* Utils */ = {
			isa = PBXGroup;
			children = (
				6F4817D82B7EAAEB00C500E0 /* Styles */,
				6F4817D72B7EAAE300C500E0 /* Helpers */,
				6F4817D62B7EAADD00C500E0 /* Components */,
				6F4817D52B7EAAD400C500E0 /* Modifiers */,
				6F4817D42B7EAACE00C500E0 /* Extensions */,
				6F4817D32B7EAAC300C500E0 /* Protocols */,
			);
			path = Utils;
			sourceTree = "<group>";
		};
		6F4817D32B7EAAC300C500E0 /* Protocols */ = {
			isa = PBXGroup;
			children = (
				6F24BF682B8BB3DE000B2C7F /* ActiveRecord.swift */,
			);
			path = Protocols;
			sourceTree = "<group>";
		};
		6F4817D42B7EAACE00C500E0 /* Extensions */ = {
			isa = PBXGroup;
			children = (
			);
			path = Extensions;
			sourceTree = "<group>";
		};
		6F4817D52B7EAAD400C500E0 /* Modifiers */ = {
			isa = PBXGroup;
			children = (
				6F2A74D82B8A5F6900796775 /* reBadge.swift */,
			);
			path = Modifiers;
			sourceTree = "<group>";
		};
		6F4817D62B7EAADD00C500E0 /* Components */ = {
			isa = PBXGroup;
			children = (
				6FA228A12B89A159001280D5 /* reBackground.swift */,
				6F1D00A02B8ACA9000D6F88F /* reTextField.swift */,
				6F1D00A62B8AD22600D6F88F /* reTextEditor.swift */,
				6F1D00A82B8AD6D600D6F88F /* reRadioButton.swift */,
			);
			path = Components;
			sourceTree = "<group>";
		};
		6F4817D72B7EAAE300C500E0 /* Helpers */ = {
			isa = PBXGroup;
			children = (
			);
			path = Helpers;
			sourceTree = "<group>";
		};
		6F4817D82B7EAAEB00C500E0 /* Styles */ = {
			isa = PBXGroup;
			children = (
				6FA2289F2B899D23001280D5 /* Palette.swift */,
				6F1D00BA2B8AE61900D6F88F /* reColorButtonStyle.swift */,
				6F1D00A22B8ACC9400D6F88F /* reTextFieldStyle.swift */,
				6F1D00B02B8ADF6000D6F88F /* reButtonStyle.swift */,
			);
			path = Styles;
			sourceTree = "<group>";
		};
		6F4817D92B7EAB0300C500E0 /* Models */ = {
			isa = PBXGroup;
			children = (
				6F1D00B82B8AE57100D6F88F /* Box.swift */,
				6F24BF5A2B8B8CB1000B2C7F /* Term.swift */,
				6F24BF5C2B8B8CDC000B2C7F /* SwipeReview.swift */,
			);
			path = Models;
			sourceTree = "<group>";
		};
		6F4817DA2B7EAB0700C500E0 /* Features */ = {
			isa = PBXGroup;
			children = (
				6F24BF542B8B8ADE000B2C7F /* Swipper */,
				6F1D00B22B8AE1CD00D6F88F /* Box */,
				6F1D009F2B8ACA5800D6F88F /* BoxEditor */,
				6F4817DD2B7EAB5100C500E0 /* Boxes */,
				6F1D00AD2B8ADDD800D6F88F /* TermEditor */,
			);
			path = Features;
			sourceTree = "<group>";
		};
		6F4817DB2B7EAB1500C500E0 /* Services */ = {
			isa = PBXGroup;
			children = (
				6F24BF632B8BAFE9000B2C7F /* CoreData */,
			);
			path = Services;
			sourceTree = "<group>";
		};
		6F4817DC2B7EAB1B00C500E0 /* Resources */ = {
			isa = PBXGroup;
			children = (
				6F4817AB2B7EA91600C500E0 /* Assets.xcassets */,
			);
			path = Resources;
			sourceTree = "<group>";
		};
		6F4817DD2B7EAB5100C500E0 /* Boxes */ = {
			isa = PBXGroup;
			children = (
				6F4817A92B7EA91400C500E0 /* BoxesView.swift */,
				6FF1FB542B8BBB6500039464 /* BoxesViewModel.swift */,
				6FA228A32B89A560001280D5 /* Components */,
			);
			path = Boxes;
			sourceTree = "<group>";
		};
		6FA228A32B89A560001280D5 /* Components */ = {
			isa = PBXGroup;
			children = (
				6FA228A42B89A581001280D5 /* BoxCardView.swift */,
			);
			path = Components;
			sourceTree = "<group>";
		};
/* End PBXGroup section */

/* Begin PBXNativeTarget section */
		6F4817A32B7EA91400C500E0 /* reMind */ = {
			isa = PBXNativeTarget;
			buildConfigurationList = 6F4817C82B7EA91600C500E0 /* Build configuration list for PBXNativeTarget "reMind" */;
			buildPhases = (
				6F4817A02B7EA91400C500E0 /* Sources */,
				6F4817A12B7EA91400C500E0 /* Frameworks */,
				6F4817A22B7EA91400C500E0 /* Resources */,
			);
			buildRules = (
			);
			dependencies = (
			);
			name = reMind;
			productName = reMind;
			productReference = 6F4817A42B7EA91400C500E0 /* reMind.app */;
			productType = "com.apple.product-type.application";
		};
		6F4817B32B7EA91600C500E0 /* reMindTests */ = {
			isa = PBXNativeTarget;
			buildConfigurationList = 6F4817CB2B7EA91600C500E0 /* Build configuration list for PBXNativeTarget "reMindTests" */;
			buildPhases = (
				6F4817B02B7EA91600C500E0 /* Sources */,
				6F4817B12B7EA91600C500E0 /* Frameworks */,
				6F4817B22B7EA91600C500E0 /* Resources */,
			);
			buildRules = (
			);
			dependencies = (
				6F4817B62B7EA91600C500E0 /* PBXTargetDependency */,
			);
			name = reMindTests;
			productName = reMindTests;
			productReference = 6F4817B42B7EA91600C500E0 /* reMindTests.xctest */;
			productType = "com.apple.product-type.bundle.unit-test";
		};
		6F4817BD2B7EA91600C500E0 /* reMindUITests */ = {
			isa = PBXNativeTarget;
			buildConfigurationList = 6F4817CE2B7EA91600C500E0 /* Build configuration list for PBXNativeTarget "reMindUITests" */;
			buildPhases = (
				6F4817BA2B7EA91600C500E0 /* Sources */,
				6F4817BB2B7EA91600C500E0 /* Frameworks */,
				6F4817BC2B7EA91600C500E0 /* Resources */,
			);
			buildRules = (
			);
			dependencies = (
				6F4817C02B7EA91600C500E0 /* PBXTargetDependency */,
			);
			name = reMindUITests;
			productName = reMindUITests;
			productReference = 6F4817BE2B7EA91600C500E0 /* reMindUITests.xctest */;
			productType = "com.apple.product-type.bundle.ui-testing";
		};
/* End PBXNativeTarget section */

/* Begin PBXProject section */
		6F48179C2B7EA91400C500E0 /* Project object */ = {
			isa = PBXProject;
			attributes = {
				BuildIndependentTargetsInParallel = 1;
				LastSwiftUpdateCheck = 1520;
				LastUpgradeCheck = 1520;
				TargetAttributes = {
					6F4817A32B7EA91400C500E0 = {
						CreatedOnToolsVersion = 15.2;
					};
					6F4817B32B7EA91600C500E0 = {
						CreatedOnToolsVersion = 15.2;
						TestTargetID = 6F4817A32B7EA91400C500E0;
					};
					6F4817BD2B7EA91600C500E0 = {
						CreatedOnToolsVersion = 15.2;
						TestTargetID = 6F4817A32B7EA91400C500E0;
					};
				};
			};
			buildConfigurationList = 6F48179F2B7EA91400C500E0 /* Build configuration list for PBXProject "reMind" */;
			compatibilityVersion = "Xcode 14.0";
			developmentRegion = en;
			hasScannedForEncodings = 0;
			knownRegions = (
				en,
				Base,
			);
			mainGroup = 6F48179B2B7EA91400C500E0;
			productRefGroup = 6F4817A52B7EA91400C500E0 /* Products */;
			projectDirPath = "";
			projectRoot = "";
			targets = (
				6F4817A32B7EA91400C500E0 /* reMind */,
				6F4817B32B7EA91600C500E0 /* reMindTests */,
				6F4817BD2B7EA91600C500E0 /* reMindUITests */,
			);
		};
/* End PBXProject section */

/* Begin PBXResourcesBuildPhase section */
		6F4817A22B7EA91400C500E0 /* Resources */ = {
			isa = PBXResourcesBuildPhase;
			buildActionMask = 2147483647;
			files = (
				6F9CC3F42B8E14EE0012976B /* README.md in Resources */,
				6F4817AF2B7EA91600C500E0 /* Preview Assets.xcassets in Resources */,
				6F4817AC2B7EA91600C500E0 /* Assets.xcassets in Resources */,
			);
			runOnlyForDeploymentPostprocessing = 0;
		};
		6F4817B22B7EA91600C500E0 /* Resources */ = {
			isa = PBXResourcesBuildPhase;
			buildActionMask = 2147483647;
			files = (
			);
			runOnlyForDeploymentPostprocessing = 0;
		};
		6F4817BC2B7EA91600C500E0 /* Resources */ = {
			isa = PBXResourcesBuildPhase;
			buildActionMask = 2147483647;
			files = (
			);
			runOnlyForDeploymentPostprocessing = 0;
		};
/* End PBXResourcesBuildPhase section */

/* Begin PBXSourcesBuildPhase section */
		6F4817A02B7EA91400C500E0 /* Sources */ = {
			isa = PBXSourcesBuildPhase;
			buildActionMask = 2147483647;
			files = (
				6F1D00A12B8ACA9000D6F88F /* reTextField.swift in Sources */,
				6FA228A22B89A159001280D5 /* reBackground.swift in Sources */,
				6F1D00B42B8AE1DB00D6F88F /* BoxView.swift in Sources */,
				6F1D00A32B8ACC9400D6F88F /* reTextFieldStyle.swift in Sources */,
				6FA228A02B899D23001280D5 /* Palette.swift in Sources */,
				6F1D00B12B8ADF6000D6F88F /* reButtonStyle.swift in Sources */,
				6F1D00A92B8AD6D600D6F88F /* reRadioButton.swift in Sources */,
				6F9CC3F22B8E08C50012976B /* BoxCreationView.swift in Sources */,
				6F1D00A72B8AD22600D6F88F /* reTextEditor.swift in Sources */,
				6F24BF692B8BB3DE000B2C7F /* ActiveRecord.swift in Sources */,
				6F1D00B72B8AE4B000D6F88F /* TodaysCardView.swift in Sources */,
				6F24BF5F2B8B8E4B000B2C7F /* SwipperCard.swift in Sources */,
				6F24BF572B8B8AF9000B2C7F /* SwipperView.swift in Sources */,
				6F1D00A52B8ACE3200D6F88F /* BoxEditorView.swift in Sources */,
				6F24BF5B2B8B8CB1000B2C7F /* Term.swift in Sources */,
				6F24BF592B8B8B89000B2C7F /* SwipperLabel.swift in Sources */,
				6F2A74D92B8A5F6900796775 /* reBadge.swift in Sources */,
				6FF1FB552B8BBB6500039464 /* BoxesViewModel.swift in Sources */,
				6F1D00AF2B8ADDE900D6F88F /* TermEditorView.swift in Sources */,
				6F4817AA2B7EA91400C500E0 /* BoxesView.swift in Sources */,
				6F1D00B92B8AE57200D6F88F /* Box.swift in Sources */,
				6F24BF672B8BB232000B2C7F /* CoreDataModel.swift in Sources */,
				6F24BF622B8BADA9000B2C7F /* reMind.xcdatamodeld in Sources */,
				6F1D00AC2B8AD92500D6F88F /* reRadionButtonGroup.swift in Sources */,
				6F24BF652B8BB003000B2C7F /* CoreDataStack.swift in Sources */,
				6F4817A82B7EA91400C500E0 /* reMindApp.swift in Sources */,
				6F1D00BB2B8AE61900D6F88F /* reColorButtonStyle.swift in Sources */,
				6F24BF5D2B8B8CDC000B2C7F /* SwipeReview.swift in Sources */,
				6FA228A52B89A581001280D5 /* BoxCardView.swift in Sources */,
			);
			runOnlyForDeploymentPostprocessing = 0;
		};
		6F4817B02B7EA91600C500E0 /* Sources */ = {
			isa = PBXSourcesBuildPhase;
			buildActionMask = 2147483647;
			files = (
				6F4817B92B7EA91600C500E0 /* reMindTests.swift in Sources */,
			);
			runOnlyForDeploymentPostprocessing = 0;
		};
		6F4817BA2B7EA91600C500E0 /* Sources */ = {
			isa = PBXSourcesBuildPhase;
			buildActionMask = 2147483647;
			files = (
				6F4817C32B7EA91600C500E0 /* reMindUITests.swift in Sources */,
				6F4817C52B7EA91600C500E0 /* reMindUITestsLaunchTests.swift in Sources */,
			);
			runOnlyForDeploymentPostprocessing = 0;
		};
/* End PBXSourcesBuildPhase section */

/* Begin PBXTargetDependency section */
		6F4817B62B7EA91600C500E0 /* PBXTargetDependency */ = {
			isa = PBXTargetDependency;
			target = 6F4817A32B7EA91400C500E0 /* reMind */;
			targetProxy = 6F4817B52B7EA91600C500E0 /* PBXContainerItemProxy */;
		};
		6F4817C02B7EA91600C500E0 /* PBXTargetDependency */ = {
			isa = PBXTargetDependency;
			target = 6F4817A32B7EA91400C500E0 /* reMind */;
			targetProxy = 6F4817BF2B7EA91600C500E0 /* PBXContainerItemProxy */;
		};
/* End PBXTargetDependency section */

/* Begin XCBuildConfiguration section */
		6F4817C62B7EA91600C500E0 /* Debug */ = {
			isa = XCBuildConfiguration;
			buildSettings = {
				ALWAYS_SEARCH_USER_PATHS = NO;
				ASSETCATALOG_COMPILER_GENERATE_SWIFT_ASSET_SYMBOL_EXTENSIONS = YES;
				CLANG_ANALYZER_NONNULL = YES;
				CLANG_ANALYZER_NUMBER_OBJECT_CONVERSION = YES_AGGRESSIVE;
				CLANG_CXX_LANGUAGE_STANDARD = "gnu++20";
				CLANG_ENABLE_MODULES = YES;
				CLANG_ENABLE_OBJC_ARC = YES;
				CLANG_ENABLE_OBJC_WEAK = YES;
				CLANG_WARN_BLOCK_CAPTURE_AUTORELEASING = YES;
				CLANG_WARN_BOOL_CONVERSION = YES;
				CLANG_WARN_COMMA = YES;
				CLANG_WARN_CONSTANT_CONVERSION = YES;
				CLANG_WARN_DEPRECATED_OBJC_IMPLEMENTATIONS = YES;
				CLANG_WARN_DIRECT_OBJC_ISA_USAGE = YES_ERROR;
				CLANG_WARN_DOCUMENTATION_COMMENTS = YES;
				CLANG_WARN_EMPTY_BODY = YES;
				CLANG_WARN_ENUM_CONVERSION = YES;
				CLANG_WARN_INFINITE_RECURSION = YES;
				CLANG_WARN_INT_CONVERSION = YES;
				CLANG_WARN_NON_LITERAL_NULL_CONVERSION = YES;
				CLANG_WARN_OBJC_IMPLICIT_RETAIN_SELF = YES;
				CLANG_WARN_OBJC_LITERAL_CONVERSION = YES;
				CLANG_WARN_OBJC_ROOT_CLASS = YES_ERROR;
				CLANG_WARN_QUOTED_INCLUDE_IN_FRAMEWORK_HEADER = YES;
				CLANG_WARN_RANGE_LOOP_ANALYSIS = YES;
				CLANG_WARN_STRICT_PROTOTYPES = YES;
				CLANG_WARN_SUSPICIOUS_MOVE = YES;
				CLANG_WARN_UNGUARDED_AVAILABILITY = YES_AGGRESSIVE;
				CLANG_WARN_UNREACHABLE_CODE = YES;
				CLANG_WARN__DUPLICATE_METHOD_MATCH = YES;
				COPY_PHASE_STRIP = NO;
				DEBUG_INFORMATION_FORMAT = dwarf;
				ENABLE_STRICT_OBJC_MSGSEND = YES;
				ENABLE_TESTABILITY = YES;
				ENABLE_USER_SCRIPT_SANDBOXING = YES;
				GCC_C_LANGUAGE_STANDARD = gnu17;
				GCC_DYNAMIC_NO_PIC = NO;
				GCC_NO_COMMON_BLOCKS = YES;
				GCC_OPTIMIZATION_LEVEL = 0;
				GCC_PREPROCESSOR_DEFINITIONS = (
					"DEBUG=1",
					"$(inherited)",
				);
				GCC_WARN_64_TO_32_BIT_CONVERSION = YES;
				GCC_WARN_ABOUT_RETURN_TYPE = YES_ERROR;
				GCC_WARN_UNDECLARED_SELECTOR = YES;
				GCC_WARN_UNINITIALIZED_AUTOS = YES_AGGRESSIVE;
				GCC_WARN_UNUSED_FUNCTION = YES;
				GCC_WARN_UNUSED_VARIABLE = YES;
				IPHONEOS_DEPLOYMENT_TARGET = 17.2;
				LOCALIZATION_PREFERS_STRING_CATALOGS = YES;
				MTL_ENABLE_DEBUG_INFO = INCLUDE_SOURCE;
				MTL_FAST_MATH = YES;
				ONLY_ACTIVE_ARCH = YES;
				SDKROOT = iphoneos;
				SWIFT_ACTIVE_COMPILATION_CONDITIONS = "DEBUG $(inherited)";
				SWIFT_OPTIMIZATION_LEVEL = "-Onone";
			};
			name = Debug;
		};
		6F4817C72B7EA91600C500E0 /* Release */ = {
			isa = XCBuildConfiguration;
			buildSettings = {
				ALWAYS_SEARCH_USER_PATHS = NO;
				ASSETCATALOG_COMPILER_GENERATE_SWIFT_ASSET_SYMBOL_EXTENSIONS = YES;
				CLANG_ANALYZER_NONNULL = YES;
				CLANG_ANALYZER_NUMBER_OBJECT_CONVERSION = YES_AGGRESSIVE;
				CLANG_CXX_LANGUAGE_STANDARD = "gnu++20";
				CLANG_ENABLE_MODULES = YES;
				CLANG_ENABLE_OBJC_ARC = YES;
				CLANG_ENABLE_OBJC_WEAK = YES;
				CLANG_WARN_BLOCK_CAPTURE_AUTORELEASING = YES;
				CLANG_WARN_BOOL_CONVERSION = YES;
				CLANG_WARN_COMMA = YES;
				CLANG_WARN_CONSTANT_CONVERSION = YES;
				CLANG_WARN_DEPRECATED_OBJC_IMPLEMENTATIONS = YES;
				CLANG_WARN_DIRECT_OBJC_ISA_USAGE = YES_ERROR;
				CLANG_WARN_DOCUMENTATION_COMMENTS = YES;
				CLANG_WARN_EMPTY_BODY = YES;
				CLANG_WARN_ENUM_CONVERSION = YES;
				CLANG_WARN_INFINITE_RECURSION = YES;
				CLANG_WARN_INT_CONVERSION = YES;
				CLANG_WARN_NON_LITERAL_NULL_CONVERSION = YES;
				CLANG_WARN_OBJC_IMPLICIT_RETAIN_SELF = YES;
				CLANG_WARN_OBJC_LITERAL_CONVERSION = YES;
				CLANG_WARN_OBJC_ROOT_CLASS = YES_ERROR;
				CLANG_WARN_QUOTED_INCLUDE_IN_FRAMEWORK_HEADER = YES;
				CLANG_WARN_RANGE_LOOP_ANALYSIS = YES;
				CLANG_WARN_STRICT_PROTOTYPES = YES;
				CLANG_WARN_SUSPICIOUS_MOVE = YES;
				CLANG_WARN_UNGUARDED_AVAILABILITY = YES_AGGRESSIVE;
				CLANG_WARN_UNREACHABLE_CODE = YES;
				CLANG_WARN__DUPLICATE_METHOD_MATCH = YES;
				COPY_PHASE_STRIP = NO;
				DEBUG_INFORMATION_FORMAT = "dwarf-with-dsym";
				ENABLE_NS_ASSERTIONS = NO;
				ENABLE_STRICT_OBJC_MSGSEND = YES;
				ENABLE_USER_SCRIPT_SANDBOXING = YES;
				GCC_C_LANGUAGE_STANDARD = gnu17;
				GCC_NO_COMMON_BLOCKS = YES;
				GCC_WARN_64_TO_32_BIT_CONVERSION = YES;
				GCC_WARN_ABOUT_RETURN_TYPE = YES_ERROR;
				GCC_WARN_UNDECLARED_SELECTOR = YES;
				GCC_WARN_UNINITIALIZED_AUTOS = YES_AGGRESSIVE;
				GCC_WARN_UNUSED_FUNCTION = YES;
				GCC_WARN_UNUSED_VARIABLE = YES;
				IPHONEOS_DEPLOYMENT_TARGET = 17.2;
				LOCALIZATION_PREFERS_STRING_CATALOGS = YES;
				MTL_ENABLE_DEBUG_INFO = NO;
				MTL_FAST_MATH = YES;
				SDKROOT = iphoneos;
				SWIFT_COMPILATION_MODE = wholemodule;
				VALIDATE_PRODUCT = YES;
			};
			name = Release;
		};
		6F4817C92B7EA91600C500E0 /* Debug */ = {
			isa = XCBuildConfiguration;
			buildSettings = {
				ASSETCATALOG_COMPILER_APPICON_NAME = AppIcon;
				ASSETCATALOG_COMPILER_GLOBAL_ACCENT_COLOR_NAME = AccentColor;
				CODE_SIGN_STYLE = Automatic;
				CURRENT_PROJECT_VERSION = 1;
				DEVELOPMENT_ASSET_PATHS = "\"reMind/Preview Content\"";
				DEVELOPMENT_TEAM = K328B98U3F;
				ENABLE_PREVIEWS = YES;
				GENERATE_INFOPLIST_FILE = YES;
				INFOPLIST_KEY_UIApplicationSceneManifest_Generation = YES;
				INFOPLIST_KEY_UIApplicationSupportsIndirectInputEvents = YES;
				INFOPLIST_KEY_UILaunchScreen_Generation = YES;
				INFOPLIST_KEY_UISupportedInterfaceOrientations_iPad = "UIInterfaceOrientationPortrait UIInterfaceOrientationPortraitUpsideDown UIInterfaceOrientationLandscapeLeft UIInterfaceOrientationLandscapeRight";
				INFOPLIST_KEY_UISupportedInterfaceOrientations_iPhone = "UIInterfaceOrientationPortrait UIInterfaceOrientationLandscapeLeft UIInterfaceOrientationLandscapeRight";
				LD_RUNPATH_SEARCH_PATHS = (
					"$(inherited)",
					"@executable_path/Frameworks",
				);
				MARKETING_VERSION = 1.0;
				PRODUCT_BUNDLE_IDENTIFIER = com.luizaraujo.reMind;
				PRODUCT_NAME = "$(TARGET_NAME)";
				SWIFT_EMIT_LOC_STRINGS = YES;
				SWIFT_VERSION = 5.0;
				TARGETED_DEVICE_FAMILY = "1,2";
			};
			name = Debug;
		};
		6F4817CA2B7EA91600C500E0 /* Release */ = {
			isa = XCBuildConfiguration;
			buildSettings = {
				ASSETCATALOG_COMPILER_APPICON_NAME = AppIcon;
				ASSETCATALOG_COMPILER_GLOBAL_ACCENT_COLOR_NAME = AccentColor;
				CODE_SIGN_STYLE = Automatic;
				CURRENT_PROJECT_VERSION = 1;
				DEVELOPMENT_ASSET_PATHS = "\"reMind/Preview Content\"";
				DEVELOPMENT_TEAM = K328B98U3F;
				ENABLE_PREVIEWS = YES;
				GENERATE_INFOPLIST_FILE = YES;
				INFOPLIST_KEY_UIApplicationSceneManifest_Generation = YES;
				INFOPLIST_KEY_UIApplicationSupportsIndirectInputEvents = YES;
				INFOPLIST_KEY_UILaunchScreen_Generation = YES;
				INFOPLIST_KEY_UISupportedInterfaceOrientations_iPad = "UIInterfaceOrientationPortrait UIInterfaceOrientationPortraitUpsideDown UIInterfaceOrientationLandscapeLeft UIInterfaceOrientationLandscapeRight";
				INFOPLIST_KEY_UISupportedInterfaceOrientations_iPhone = "UIInterfaceOrientationPortrait UIInterfaceOrientationLandscapeLeft UIInterfaceOrientationLandscapeRight";
				LD_RUNPATH_SEARCH_PATHS = (
					"$(inherited)",
					"@executable_path/Frameworks",
				);
				MARKETING_VERSION = 1.0;
				PRODUCT_BUNDLE_IDENTIFIER = com.luizaraujo.reMind;
				PRODUCT_NAME = "$(TARGET_NAME)";
				SWIFT_EMIT_LOC_STRINGS = YES;
				SWIFT_VERSION = 5.0;
				TARGETED_DEVICE_FAMILY = "1,2";
			};
			name = Release;
		};
		6F4817CC2B7EA91600C500E0 /* Debug */ = {
			isa = XCBuildConfiguration;
			buildSettings = {
				ALWAYS_EMBED_SWIFT_STANDARD_LIBRARIES = YES;
				BUNDLE_LOADER = "$(TEST_HOST)";
				CODE_SIGN_STYLE = Automatic;
				CURRENT_PROJECT_VERSION = 1;
				DEVELOPMENT_TEAM = K328B98U3F;
				GENERATE_INFOPLIST_FILE = YES;
				IPHONEOS_DEPLOYMENT_TARGET = 17.2;
				MARKETING_VERSION = 1.0;
				PRODUCT_BUNDLE_IDENTIFIER = com.luizaraujo.reMindTests;
				PRODUCT_NAME = "$(TARGET_NAME)";
				SWIFT_EMIT_LOC_STRINGS = NO;
				SWIFT_VERSION = 5.0;
				TARGETED_DEVICE_FAMILY = "1,2";
				TEST_HOST = "$(BUILT_PRODUCTS_DIR)/reMind.app/$(BUNDLE_EXECUTABLE_FOLDER_PATH)/reMind";
			};
			name = Debug;
		};
		6F4817CD2B7EA91600C500E0 /* Release */ = {
			isa = XCBuildConfiguration;
			buildSettings = {
				ALWAYS_EMBED_SWIFT_STANDARD_LIBRARIES = YES;
				BUNDLE_LOADER = "$(TEST_HOST)";
				CODE_SIGN_STYLE = Automatic;
				CURRENT_PROJECT_VERSION = 1;
				DEVELOPMENT_TEAM = K328B98U3F;
				GENERATE_INFOPLIST_FILE = YES;
				IPHONEOS_DEPLOYMENT_TARGET = 17.2;
				MARKETING_VERSION = 1.0;
				PRODUCT_BUNDLE_IDENTIFIER = com.luizaraujo.reMindTests;
				PRODUCT_NAME = "$(TARGET_NAME)";
				SWIFT_EMIT_LOC_STRINGS = NO;
				SWIFT_VERSION = 5.0;
				TARGETED_DEVICE_FAMILY = "1,2";
				TEST_HOST = "$(BUILT_PRODUCTS_DIR)/reMind.app/$(BUNDLE_EXECUTABLE_FOLDER_PATH)/reMind";
			};
			name = Release;
		};
		6F4817CF2B7EA91600C500E0 /* Debug */ = {
			isa = XCBuildConfiguration;
			buildSettings = {
				ALWAYS_EMBED_SWIFT_STANDARD_LIBRARIES = YES;
				CODE_SIGN_STYLE = Automatic;
				CURRENT_PROJECT_VERSION = 1;
				DEVELOPMENT_TEAM = K328B98U3F;
				GENERATE_INFOPLIST_FILE = YES;
				MARKETING_VERSION = 1.0;
				PRODUCT_BUNDLE_IDENTIFIER = com.luizaraujo.reMindUITests;
				PRODUCT_NAME = "$(TARGET_NAME)";
				SWIFT_EMIT_LOC_STRINGS = NO;
				SWIFT_VERSION = 5.0;
				TARGETED_DEVICE_FAMILY = "1,2";
				TEST_TARGET_NAME = reMind;
			};
			name = Debug;
		};
		6F4817D02B7EA91600C500E0 /* Release */ = {
			isa = XCBuildConfiguration;
			buildSettings = {
				ALWAYS_EMBED_SWIFT_STANDARD_LIBRARIES = YES;
				CODE_SIGN_STYLE = Automatic;
				CURRENT_PROJECT_VERSION = 1;
				DEVELOPMENT_TEAM = K328B98U3F;
				GENERATE_INFOPLIST_FILE = YES;
				MARKETING_VERSION = 1.0;
				PRODUCT_BUNDLE_IDENTIFIER = com.luizaraujo.reMindUITests;
				PRODUCT_NAME = "$(TARGET_NAME)";
				SWIFT_EMIT_LOC_STRINGS = NO;
				SWIFT_VERSION = 5.0;
				TARGETED_DEVICE_FAMILY = "1,2";
				TEST_TARGET_NAME = reMind;
			};
			name = Release;
		};
/* End XCBuildConfiguration section */

/* Begin XCConfigurationList section */
		6F48179F2B7EA91400C500E0 /* Build configuration list for PBXProject "reMind" */ = {
			isa = XCConfigurationList;
			buildConfigurations = (
				6F4817C62B7EA91600C500E0 /* Debug */,
				6F4817C72B7EA91600C500E0 /* Release */,
			);
			defaultConfigurationIsVisible = 0;
			defaultConfigurationName = Release;
		};
		6F4817C82B7EA91600C500E0 /* Build configuration list for PBXNativeTarget "reMind" */ = {
			isa = XCConfigurationList;
			buildConfigurations = (
				6F4817C92B7EA91600C500E0 /* Debug */,
				6F4817CA2B7EA91600C500E0 /* Release */,
			);
			defaultConfigurationIsVisible = 0;
			defaultConfigurationName = Release;
		};
		6F4817CB2B7EA91600C500E0 /* Build configuration list for PBXNativeTarget "reMindTests" */ = {
			isa = XCConfigurationList;
			buildConfigurations = (
				6F4817CC2B7EA91600C500E0 /* Debug */,
				6F4817CD2B7EA91600C500E0 /* Release */,
			);
			defaultConfigurationIsVisible = 0;
			defaultConfigurationName = Release;
		};
		6F4817CE2B7EA91600C500E0 /* Build configuration list for PBXNativeTarget "reMindUITests" */ = {
			isa = XCConfigurationList;
			buildConfigurations = (
				6F4817CF2B7EA91600C500E0 /* Debug */,
				6F4817D02B7EA91600C500E0 /* Release */,
			);
			defaultConfigurationIsVisible = 0;
			defaultConfigurationName = Release;
		};
/* End XCConfigurationList section */

/* Begin XCVersionGroup section */
		6F24BF602B8BADA9000B2C7F /* reMind.xcdatamodeld */ = {
			isa = XCVersionGroup;
			children = (
				6F24BF612B8BADA9000B2C7F /* reMind.xcdatamodel */,
			);
			currentVersion = 6F24BF612B8BADA9000B2C7F /* reMind.xcdatamodel */;
			path = reMind.xcdatamodeld;
			sourceTree = "<group>";
			versionGroupType = wrapper.xcdatamodel;
		};
/* End XCVersionGroup section */
	};
	rootObject = 6F48179C2B7EA91400C500E0 /* Project object */;
}
